{
  "name": "zenn-content",
  "version": "1.0.0",
  "lockfileVersion": 2,
  "requires": true,
  "packages": {
    "": {
      "name": "zenn-content",
      "version": "1.0.0",
      "license": "ISC",
      "dependencies": {
        "zenn-cli": "^0.1.147"
      },
      "devDependencies": {
        "prettier": "3.0.3"
      }
    },
    "node_modules/prettier": {
      "version": "3.0.3",
      "resolved": "https://registry.npmjs.org/prettier/-/prettier-3.0.3.tgz",
      "integrity": "sha512-L/4pUDMxcNa8R/EthV08Zt42WBO4h1rarVtK0K+QJG0X187OLo7l699jWw0GKuwzkPQ//jMFA/8Xm6Fh3J/DAg==",
      "dev": true,
      "bin": {
        "prettier": "bin/prettier.cjs"
      },
      "engines": {
        "node": ">=14"
      },
      "funding": {
        "url": "https://github.com/prettier/prettier?sponsor=1"
      }
    },
    "node_modules/zenn-cli": {
      "version": "0.1.147",
      "resolved": "https://registry.npmjs.org/zenn-cli/-/zenn-cli-0.1.147.tgz",
      "integrity": "sha512-4HKDyk357aIFZnii+Zkkq82Q0Q4uRD4+7zS/u8edwxPea/eeS6W4NBorPyloUzaFI/Rxe0DLr4/aRFc0hHG0ug==",
      "bin": {
        "zenn": "dist/server/zenn.js"
      },
      "engines": {
        "node": ">=14.0.0"
      }
    }
  },
  "dependencies": {
    "prettier": {
      "version": "3.0.3",
      "resolved": "https://registry.npmjs.org/prettier/-/prettier-3.0.3.tgz",
      "integrity": "sha512-L/4pUDMxcNa8R/EthV08Zt42WBO4h1rarVtK0K+QJG0X187OLo7l699jWw0GKuwzkPQ//jMFA/8Xm6Fh3J/DAg==",
      "dev": true
    },
    "zenn-cli": {
      "version": "0.1.147",
      "resolved": "https://registry.npmjs.org/zenn-cli/-/zenn-cli-0.1.147.tgz",
      "integrity": "sha512-4HKDyk357aIFZnii+Zkkq82Q0Q4uRD4+7zS/u8edwxPea/eeS6W4NBorPyloUzaFI/Rxe0DLr4/aRFc0hHG0ug=="
    }
  }
}
